
Microsoft Visual Studio Solution File, Format Version 12.00
# Visual Studio Version 16
VisualStudioVersion = 16.0.30406.217
MinimumVisualStudioVersion = 10.0.40219.1
Project("{9A19103F-16F7-4668-BE54-9A1E7A4F7556}") = "Minesweeper.Cli", "Minesweeper.Cli\Minesweeper.Cli.csproj", "{C5732172-AA4E-4223-AEB9-F1893EB5ECBF}"
EndProject
Project("{9A19103F-16F7-4668-BE54-9A1E7A4F7556}") = "Minesweeper.Model", "Minesweeper.Model\Minesweeper.Model.csproj", "{1DDE7509-9E64-476A-80CC-6539CB7016FA}"
EndProject
Project("{9A19103F-16F7-4668-BE54-9A1E7A4F7556}") = "Minesweeper.Model.Test", "Minesweeper.Model.Test\Minesweeper.Model.Test.csproj", "{D777A4CB-1C2A-4DE6-9061-20CEF4AF1785}"
EndProject
Project("{FAE04EC0-301F-11D3-BF4B-00C04F79EFBC}") = "Minesweeper.Cli.Test", "Minesweeper.Cli.Test\Minesweeper.Cli.Test.csproj", "{3EF0DF52-C80E-432F-A052-09EF8866829C}"
EndProject
Global
	GlobalSection(SolutionConfigurationPlatforms) = preSolution
		Debug|Any CPU = Debug|Any CPU
		Release|Any CPU = Release|Any CPU
	EndGlobalSection
	GlobalSection(ProjectConfigurationPlatforms) = postSolution
		{C5732172-AA4E-4223-AEB9-F1893EB5ECBF}.Debug|Any CPU.ActiveCfg = Debug|Any CPU
		{C5732172-AA4E-4223-AEB9-F1893EB5ECBF}.Debug|Any CPU.Build.0 = Debug|Any CPU
		{C5732172-AA4E-4223-AEB9-F1893EB5ECBF}.Release|Any CPU.ActiveCfg = Release|Any CPU
		{C5732172-AA4E-4223-AEB9-F1893EB5ECBF}.Release|Any CPU.Build.0 = Release|Any CPU
		{1DDE7509-9E64-476A-80CC-6539CB7016FA}.Debug|Any CPU.ActiveCfg = Debug|Any CPU
		{1DDE7509-9E64-476A-80CC-6539CB7016FA}.Debug|Any CPU.Build.0 = Debug|Any CPU
		{1DDE7509-9E64-476A-80CC-6539CB7016FA}.Release|Any CPU.ActiveCfg = Release|Any CPU
		{1DDE7509-9E64-476A-80CC-6539CB7016FA}.Release|Any CPU.Build.0 = Release|Any CPU
		{D777A4CB-1C2A-4DE6-9061-20CEF4AF1785}.Debug|Any CPU.ActiveCfg = Debug|Any CPU
		{D777A4CB-1C2A-4DE6-9061-20CEF4AF1785}.Debug|Any CPU.Build.0 = Debug|Any CPU
		{D777A4CB-1C2A-4DE6-9061-20CEF4AF1785}.Release|Any CPU.ActiveCfg = Release|Any CPU
		{D777A4CB-1C2A-4DE6-9061-20CEF4AF1785}.Release|Any CPU.Build.0 = Release|Any CPU
		{3EF0DF52-C80E-432F-A052-09EF8866829C}.Debug|Any CPU.ActiveCfg = Debug|Any CPU
		{3EF0DF52-C80E-432F-A052-09EF8866829C}.Debug|Any CPU.Build.0 = Debug|Any CPU
		{3EF0DF52-C80E-432F-A052-09EF8866829C}.Release|Any CPU.ActiveCfg = Release|Any CPU
		{3EF0DF52-C80E-432F-A052-09EF8866829C}.Release|Any CPU.Build.0 = Release|Any CPU
	EndGlobalSection
	GlobalSection(SolutionProperties) = preSolution
		HideSolutionNode = FALSE
	EndGlobalSection
	GlobalSection(ExtensibilityGlobals) = postSolution
		SolutionGuid = {06580261-FAB0-40B1-82DD-9DEECF328A1A}
	EndGlobalSection
EndGlobal
